
Microsoft Visual Studio Solution File, Format Version 12.00
# Visual Studio Version 16
VisualStudioVersion = 16.0.30330.147
MinimumVisualStudioVersion = 10.0.40219.1
Project("{FAE04EC0-301F-11D3-BF4B-00C04F79EFBC}") = "AbstractFactoryDesignPattern", "AbstractFactoryDesignPattern\AbstractFactoryDesignPattern.csproj", "{5FD60938-0ED8-4678-9649-6FDA97D35E29}"
EndProject
Global
	GlobalSection(SolutionConfigurationPlatforms) = preSolution
		Debug|Any CPU = Debug|Any CPU
		Release|Any CPU = Release|Any CPU
	EndGlobalSection
	GlobalSection(ProjectConfigurationPlatforms) = postSolution
		{5FD60938-0ED8-4678-9649-6FDA97D35E29}.Debug|Any CPU.ActiveCfg = Debug|Any CPU
		{5FD60938-0ED8-4678-9649-6FDA97D35E29}.Debug|Any CPU.Build.0 = Debug|Any CPU
		{5FD60938-0ED8-4678-9649-6FDA97D35E29}.Release|Any CPU.ActiveCfg = Release|Any CPU
		{5FD60938-0ED8-4678-9649-6FDA97D35E29}.Release|Any CPU.Build.0 = Release|Any CPU
	EndGlobalSection
	GlobalSection(SolutionProperties) = preSolution
		HideSolutionNode = FALSE
	EndGlobalSection
	GlobalSection(ExtensibilityGlobals) = postSolution
		SolutionGuid = {52EF41F1-19B8-4374-83F5-7C4672F90FD9}
	EndGlobalSection
EndGlobal
